{
    "_readme": [
        "This file locks the dependencies of your project to a known state",
        "Read more about it at https://getcomposer.org/doc/01-basic-usage.md#composer-lock-the-lock-file",
        "This file is @generated automatically"
    ],
    "hash": "3415ad605de80569a81e45eb6088adc7",
    "content-hash": "cb8c66f4e05b228cffcc00dfba382b7b",
    "packages": [
        {
            "name": "gravatarphp/gravatar",
            "version": "v1.0.0",
            "source": {
                "type": "git",
                "url": "https://github.com/gravatarphp/gravatar.git",
                "reference": "21b760c50bcdddd8e65d3a4b3981b7ec9b3d44aa"
            },
            "dist": {
                "type": "zip",
                "url": "https://api.github.com/repos/gravatarphp/gravatar/zipball/21b760c50bcdddd8e65d3a4b3981b7ec9b3d44aa",
                "reference": "21b760c50bcdddd8e65d3a4b3981b7ec9b3d44aa",
                "shasum": ""
            },
            "require": {
                "php": ">=5.4"
            },
            "require-dev": {
                "friendsofphp/php-cs-fixer": "^1.11",
                "henrikbjorn/phpspec-code-coverage": "^2.0",
                "phpspec/phpspec": "^2.5",
                "sllh/php-cs-fixer-styleci-bridge": "^2.0"
            },
            "type": "library",
            "extra": {
                "branch-alias": {
                    "dev-master": "1.0-dev"
                }
            },
            "autoload": {
                "psr-4": {
                    "Gravatar\\": "src/"
                }
            },
            "notification-url": "https://packagist.org/downloads/",
            "license": [
                "MIT"
            ],
            "authors": [
                {
                    "name": "Márk Sági-Kazár",
                    "email": "mark.sagikazar@gmail.com"
                }
            ],
            "description": "Gravatar URL builder which is most commonly called as a Gravatar library",
            "homepage": "http://gravatarphp.com",
            "keywords": [
                "avatar",
                "gravatar",
                "image",
                "profile"
            ],
            "time": "2016-06-25 11:20:11"
        },
        {
            "name": "simplon/mysql",
            "version": "dev-master",
            "source": {
                "type": "git",
                "url": "https://github.com/fightbulc/simplon_mysql.git",
                "reference": "c60b96b829b882b8a4d0a631b85a98f489673cd8"
            },
            "dist": {
                "type": "zip",
                "url": "https://api.github.com/repos/fightbulc/simplon_mysql/zipball/c60b96b829b882b8a4d0a631b85a98f489673cd8",
                "reference": "c60b96b829b882b8a4d0a631b85a98f489673cd8",
                "shasum": ""
            },
            "require": {
                "ext-pdo": "*",
                "php": ">=5.4"
            },
            "type": "library",
            "autoload": {
                "psr-4": {
                    "Simplon\\Mysql\\": "src/"
                }
            },
            "notification-url": "https://packagist.org/downloads/",
            "license": [
                "MIT"
            ],
            "authors": [
                {
                    "name": "Tino Ehrich",
                    "email": "tino@bigpun.me",
                    "role": "developer"
                }
            ],
            "description": "Simplon MySQL Library",
            "homepage": "https://github.com/fightbulc/simplon_mysql",
            "keywords": [
                "db",
                "manager",
                "mysql",
                "pdo"
            ],
            "time": "2016-05-13 14:06:48"
        }
    ],
    "packages-dev": [],
    "aliases": [],
    "minimum-stability": "dev",
    "stability-flags": {
        "simplon/mysql": 20
    },
    "prefer-stable": false,
    "prefer-lowest": false,
    "platform": [],
    "platform-dev": []
}
